
Microsoft Visual Studio Solution File, Format Version 12.00
# Visual Studio 14
VisualStudioVersion = 14.0.23107.0
MinimumVisualStudioVersion = 10.0.40219.1
Project("{FAE04EC0-301F-11D3-BF4B-00C04F79EFBC}") = "CRMebyas", "CRMebyas\CRMebyas.csproj", "{F1ABF539-E963-4B21-AA61-5C2D84615D71}"
EndProject
Project("{2150E333-8FDC-42A3-9474-1A3956D46DE8}") = "PublishScripts", "PublishScripts", "{CD555BC0-E0EB-4EF4-854B-27CA47E49499}"
	ProjectSection(SolutionItems) = preProject
		PublishScripts\AzureVMPublishModule.psm1 = PublishScripts\AzureVMPublishModule.psm1
		PublishScripts\Publish-WebApplicationVM.ps1 = PublishScripts\Publish-WebApplicationVM.ps1
	EndProjectSection
EndProject
Project("{2150E333-8FDC-42A3-9474-1A3956D46DE8}") = "Configurations", "Configurations", "{2EC9B420-1ECD-4F43-B585-B7FB5A723451}"
	ProjectSection(SolutionItems) = preProject
		PublishScripts\Configurations\CRMebyas-WAWS-dev.json = PublishScripts\Configurations\CRMebyas-WAWS-dev.json
	EndProjectSection
EndProject
Global
	GlobalSection(SolutionConfigurationPlatforms) = preSolution
		Debug|Any CPU = Debug|Any CPU
		Release|Any CPU = Release|Any CPU
	EndGlobalSection
	GlobalSection(ProjectConfigurationPlatforms) = postSolution
		{F1ABF539-E963-4B21-AA61-5C2D84615D71}.Debug|Any CPU.ActiveCfg = Debug|Any CPU
		{F1ABF539-E963-4B21-AA61-5C2D84615D71}.Debug|Any CPU.Build.0 = Debug|Any CPU
		{F1ABF539-E963-4B21-AA61-5C2D84615D71}.Release|Any CPU.ActiveCfg = Release|Any CPU
		{F1ABF539-E963-4B21-AA61-5C2D84615D71}.Release|Any CPU.Build.0 = Release|Any CPU
	EndGlobalSection
	GlobalSection(SolutionProperties) = preSolution
		HideSolutionNode = FALSE
	EndGlobalSection
	GlobalSection(NestedProjects) = preSolution
		{2EC9B420-1ECD-4F43-B585-B7FB5A723451} = {CD555BC0-E0EB-4EF4-854B-27CA47E49499}
	EndGlobalSection
EndGlobal
